
Microsoft Visual Studio Solution File, Format Version 12.00
# Visual Studio Version 16
VisualStudioVersion = 16.0.31515.178
MinimumVisualStudioVersion = 10.0.40219.1
Project("{FAE04EC0-301F-11D3-BF4B-00C04F79EFBC}") = "PrePaid_SDK", "PrePaid_SDK.csproj", "{645EF136-C5CF-4146-9294-C3F434736DA3}"
EndProject
Global
	GlobalSection(SolutionConfigurationPlatforms) = preSolution
		Debug|Any CPU = Debug|Any CPU
		Release|Any CPU = Release|Any CPU
	EndGlobalSection
	GlobalSection(ProjectConfigurationPlatforms) = postSolution
		{645EF136-C5CF-4146-9294-C3F434736DA3}.Debug|Any CPU.ActiveCfg = Debug|Any CPU
		{645EF136-C5CF-4146-9294-C3F434736DA3}.Debug|Any CPU.Build.0 = Debug|Any CPU
		{645EF136-C5CF-4146-9294-C3F434736DA3}.Release|Any CPU.ActiveCfg = Release|Any CPU
		{645EF136-C5CF-4146-9294-C3F434736DA3}.Release|Any CPU.Build.0 = Release|Any CPU
	EndGlobalSection
	GlobalSection(SolutionProperties) = preSolution
		HideSolutionNode = FALSE
	EndGlobalSection
	GlobalSection(ExtensibilityGlobals) = postSolution
		SolutionGuid = {23F83012-4EC5-4504-8F83-20522E3876AB}
	EndGlobalSection
EndGlobal
